# This file is generated by running "yarn install" inside your project.
# Manual changes might be lost - proceed with caution!

__metadata:
  version: 5
  cacheKey: 8

"balloons@workspace:.":
  version: 0.0.0-use.local
  resolution: "balloons@workspace:."
  dependencies:
    papaparse: ^5.3.1
  languageName: unknown
  linkType: soft

"papaparse@npm:^5.3.1":
  version: 5.3.1
  resolution: "papaparse@npm:5.3.1"
  checksum: 3431917bb46f8952e49ca64ecc9107ddf05291573ef666c8fac4e172b57780d131f1af925b47841039bd5ae0ceadc2eafbcb8183c092307442f85eed11f82b69
  languageName: node
  linkType: hard
